github.com/GuilhermeCaruso/bellt v0.0.0-20190524182351-a64f7bbbab52 h1:bGj4sfwlJXKNMV7MU5wax8VrMC5P3XQNTsY7ZdDiEk8=
github.com/GuilhermeCaruso/bellt v0.0.0-20190524182351-a64f7bbbab52/go.mod h1:rpvflCsf0yj4/4h69Pnk1UXxGiZWwLSZWhtm4+OIJbI=
github.com/aybabtme/rgbterm v0.0.0-20170906152045-cc83f3b3ce59 h1:WWB576BN5zNSZc/M9d/10pqEx5VHNhaQ/yOVAkmj5Yo=
github.com/aybabtme/rgbterm v0.0.0-20170906152045-cc83f3b3ce59/go.mod h1:q/89r3U2H7sSsE2t6Kca0lfwTK8JdoNGS/yzM/4iH5I=
github.com/mattn/go-isatty v0.0.8 h1:HLtExJ+uU2HOZ+wI0Tt5DtUDrx8yhUqDcp7fYERX4CE=
github.com/mattn/go-isatty v0.0.8/go.mod h1:Iq45c/XA43vh69/j3iqttzPXn0bhXyGjM0Hdxcsrc5s=
github.com/nfnt/resize v0.0.0-20180221191011-83c6a9932646 h1:zYyBkD/k9seD2A7fsi6Oo2LfFZAehjjQMERAvZLEDnQ=
github.com/nfnt/resize v0.0.0-20180221191011-83c6a9932646/go.mod h1:jpp1/29i3P1S/RLdc7JQKbRpFeM1dOBd8T9ki5s+AY8=
github.com/qeesung/image2ascii v1.0.1 h1:Fe5zTnX/v/qNC3OC4P/cfASOXS501Xyw2UUcgrLgtp4=
github.com/qeesung/image2ascii v1.0.1/go.mod h1:kZKhyX0h2g/YXa/zdJR3JnLnJ8avHjZ3LrvEKSYyAyU=
github.com/wayneashleyberry/terminal-dimensions v1.0.0 h1:LawtS1nqKjAfqrmKOzkcrDLAjSzh38lEhC401JPjQVA=
github.com/wayneashleyberry/terminal-dimensions v1.0.0/go.mod h1:PW2XrtV6KmKOPhuf7wbtcmw1/IFnC39mryRET2XbxeE=
golang.org/x/sys v0.0.0-20190222072716-a9d3bda3a223 h1:DH4skfRX4EBpamg7iV4ZlCpblAHI6s6TDM39bFZumv8=
golang.org/x/sys v0.0.0-20190222072716-a9d3bda3a223/go.mod h1:STP8DvDyc/dI5b8T5hshtkjS+E42TnysNCUPdjciGhY=
